
Microsoft Visual Studio Solution File, Format Version 12.00
# Visual Studio Version 17
VisualStudioVersion = 17.5.002.0
MinimumVisualStudioVersion = 10.0.40219.1
Project("{9A19103F-16F7-4668-BE54-9A1E7A4F7556}") = "Morse Code", "Morse Code.csproj", "{4F92E1BF-C3F1-452B-9E51-FD9F2E4971FF}"
EndProject
Global
	GlobalSection(SolutionConfigurationPlatforms) = preSolution
		Debug|Any CPU = Debug|Any CPU
		Release|Any CPU = Release|Any CPU
	EndGlobalSection
	GlobalSection(ProjectConfigurationPlatforms) = postSolution
		{4F92E1BF-C3F1-452B-9E51-FD9F2E4971FF}.Debug|Any CPU.ActiveCfg = Debug|Any CPU
		{4F92E1BF-C3F1-452B-9E51-FD9F2E4971FF}.Debug|Any CPU.Build.0 = Debug|Any CPU
		{4F92E1BF-C3F1-452B-9E51-FD9F2E4971FF}.Release|Any CPU.ActiveCfg = Release|Any CPU
		{4F92E1BF-C3F1-452B-9E51-FD9F2E4971FF}.Release|Any CPU.Build.0 = Release|Any CPU
	EndGlobalSection
	GlobalSection(SolutionProperties) = preSolution
		HideSolutionNode = FALSE
	EndGlobalSection
	GlobalSection(ExtensibilityGlobals) = postSolution
		SolutionGuid = {00E2DEB4-4C34-47A1-A7B7-0348F220B575}
	EndGlobalSection
EndGlobal
