
Microsoft Visual Studio Solution File, Format Version 12.00
# Visual Studio Version 17
VisualStudioVersion = 17.5.002.0
MinimumVisualStudioVersion = 10.0.40219.1
Project("{9A19103F-16F7-4668-BE54-9A1E7A4F7556}") = "Output_format", "Output_format.csproj", "{737D65A9-6A52-48CB-8138-381FCF6A65B3}"
EndProject
Global
	GlobalSection(SolutionConfigurationPlatforms) = preSolution
		Debug|Any CPU = Debug|Any CPU
		Release|Any CPU = Release|Any CPU
	EndGlobalSection
	GlobalSection(ProjectConfigurationPlatforms) = postSolution
		{737D65A9-6A52-48CB-8138-381FCF6A65B3}.Debug|Any CPU.ActiveCfg = Debug|Any CPU
		{737D65A9-6A52-48CB-8138-381FCF6A65B3}.Debug|Any CPU.Build.0 = Debug|Any CPU
		{737D65A9-6A52-48CB-8138-381FCF6A65B3}.Release|Any CPU.ActiveCfg = Release|Any CPU
		{737D65A9-6A52-48CB-8138-381FCF6A65B3}.Release|Any CPU.Build.0 = Release|Any CPU
	EndGlobalSection
	GlobalSection(SolutionProperties) = preSolution
		HideSolutionNode = FALSE
	EndGlobalSection
	GlobalSection(ExtensibilityGlobals) = postSolution
		SolutionGuid = {CC794210-38C1-41C2-AC6F-9B5022207CA4}
	EndGlobalSection
EndGlobal
